PODS:
  - CryptoSwift (1.8.4)
  - Flutter (1.0.0)
  - integration_test (0.0.1):
    - Flutter
  - nrf_mesh_flutter (0.3.0):
    - Flutter
    - nRFMeshProvision (~> 4.8.0)
  - nRFMeshProvision (4.8.0):
    - CryptoSwift (= 1.8.4)

DEPENDENCIES:
  - Flutter (from `Flutter`)
  - integration_test (from `.symlinks/plugins/integration_test/ios`)
  - nrf_mesh_flutter (from `.symlinks/plugins/nrf_mesh_flutter/ios`)

SPEC REPOS:
  trunk:
    - CryptoSwift
    - nRFMeshProvision

EXTERNAL SOURCES:
  Flutter:
    :path: Flutter
  integration_test:
    :path: ".symlinks/plugins/integration_test/ios"
  nrf_mesh_flutter:
    :path: ".symlinks/plugins/nrf_mesh_flutter/ios"

SPEC CHECKSUMS:
  CryptoSwift: e64e11850ede528a02a0f3e768cec8e9d92ecb90
  Flutter: cabc95a1d2626b1b06e7179b784ebcf0c0cde467
  integration_test: 4a889634ef21a45d28d50d622cf412dc6d9f586e
  nrf_mesh_flutter: 97516bb64b90025d9121f84c8de5268122a77a78
  nRFMeshProvision: 1f0162cd380b439ab144d5e2fd47670c6088d783

PODFILE CHECKSUM: 47a757a7853adf00f34d8294fd2037725e0d47ac

COCOAPODS: 1.16.2
